
Microsoft Visual Studio Solution File, Format Version 12.00
# Visual Studio 15
VisualStudioVersion = 15.0.26403.7
MinimumVisualStudioVersion = 10.0.40219.1
Project("{FAE04EC0-301F-11D3-BF4B-00C04F79EFBC}") = "KinectDataHandler", "KinectDataHandler\KinectDataHandler.csproj", "{7C94D449-D43D-4AB7-99D4-333F772E1108}"
EndProject
Project("{FAE04EC0-301F-11D3-BF4B-00C04F79EFBC}") = "KinectDataHandlerTest", "KinectDataHandlerTest\KinectDataHandlerTest.csproj", "{54083453-F5C6-4DFA-A66F-DEBD90DE124B}"
EndProject
Project("{FAE04EC0-301F-11D3-BF4B-00C04F79EFBC}") = "ExternalCommunicationLibrary", "ExternalCommunicationLibrary\ExternalCommunicationLibrary.csproj", "{B590D70A-DB50-445B-80BE-A35E3308FF74}"
EndProject
Global
	GlobalSection(SolutionConfigurationPlatforms) = preSolution
		Debug|Any CPU = Debug|Any CPU
		Release|Any CPU = Release|Any CPU
	EndGlobalSection
	GlobalSection(ProjectConfigurationPlatforms) = postSolution
		{7C94D449-D43D-4AB7-99D4-333F772E1108}.Debug|Any CPU.ActiveCfg = Debug|Any CPU
		{7C94D449-D43D-4AB7-99D4-333F772E1108}.Debug|Any CPU.Build.0 = Debug|Any CPU
		{7C94D449-D43D-4AB7-99D4-333F772E1108}.Release|Any CPU.ActiveCfg = Release|Any CPU
		{7C94D449-D43D-4AB7-99D4-333F772E1108}.Release|Any CPU.Build.0 = Release|Any CPU
		{54083453-F5C6-4DFA-A66F-DEBD90DE124B}.Debug|Any CPU.ActiveCfg = Debug|Any CPU
		{54083453-F5C6-4DFA-A66F-DEBD90DE124B}.Debug|Any CPU.Build.0 = Debug|Any CPU
		{54083453-F5C6-4DFA-A66F-DEBD90DE124B}.Release|Any CPU.ActiveCfg = Release|Any CPU
		{B590D70A-DB50-445B-80BE-A35E3308FF74}.Debug|Any CPU.ActiveCfg = Debug|Any CPU
		{B590D70A-DB50-445B-80BE-A35E3308FF74}.Debug|Any CPU.Build.0 = Debug|Any CPU
		{B590D70A-DB50-445B-80BE-A35E3308FF74}.Release|Any CPU.ActiveCfg = Release|Any CPU
		{B590D70A-DB50-445B-80BE-A35E3308FF74}.Release|Any CPU.Build.0 = Release|Any CPU
	EndGlobalSection
	GlobalSection(SolutionProperties) = preSolution
		HideSolutionNode = FALSE
	EndGlobalSection
	GlobalSection(Performance) = preSolution
		HasPerformanceSessions = true
	EndGlobalSection
	GlobalSection(Performance) = preSolution
		HasPerformanceSessions = true
	EndGlobalSection
EndGlobal
